{
  "name": "transport",
  "version": "1.0.0",
  "lockfileVersion": 1,
  "requires": true,
  "dependencies": {
    "js-tokens": {
      "version": "4.0.0",
      "resolved": "https://registry.npmjs.org/js-tokens/-/js-tokens-4.0.0.tgz",
      "integrity": "sha512-RdJUflcE3cUzKiMqQgsCu06FPu9UdIJO0beYbPhHN4k6apgJtifcoCtT9bcxOpYBtpD2kCM6Sbzg4CausW/PKQ=="
    },
    "loose-envify": {
      "version": "1.4.0",
      "resolved": "https://registry.npmjs.org/loose-envify/-/loose-envify-1.4.0.tgz",
      "integrity": "sha512-lyuxPGr/Wfhrlem2CL/UcnUc1zcqKAImBDzukY7Y5F/yQiNdko6+fRLevlw1HgMySw7f611UIY408EtxRSoK3Q==",
      "requires": {
        "js-tokens": "^3.0.0 || ^4.0.0"
      }
    },
    "node": {
      "version": "15.8.0",
      "resolved": "https://registry.npmjs.org/node/-/node-15.8.0.tgz",
      "integrity": "sha512-uuO9afbPl7CqTB9dqoYEW+co7r1/ott/kiG+btHx1ussJliolfELO6ryDp9JX0IIaRsyPgppP5FF4wkz5PP9Rw==",
      "requires": {
        "node-bin-setup": "^1.0.0"
      }
    },
    "node-bin-setup": {
      "version": "1.0.6",
      "resolved": "https://registry.npmjs.org/node-bin-setup/-/node-bin-setup-1.0.6.tgz",
      "integrity": "sha512-uPIxXNis1CRbv1DwqAxkgBk5NFV3s7cMN/Gf556jSw6jBvV7ca4F9lRL/8cALcZecRibeqU+5dFYqFFmzv5a0Q=="
    },
    "object-assign": {
      "version": "4.1.1",
      "resolved": "https://registry.npmjs.org/object-assign/-/object-assign-4.1.1.tgz",
      "integrity": "sha1-IQmtx5ZYh8/AXLvUQsrIv7s2CGM="
    },
    "react": {
      "version": "17.0.1",
      "resolved": "https://registry.npmjs.org/react/-/react-17.0.1.tgz",
      "integrity": "sha512-lG9c9UuMHdcAexXtigOZLX8exLWkW0Ku29qPRU8uhF2R9BN96dLCt0psvzPLlHc5OWkgymP3qwTRgbnw5BKx3w==",
      "requires": {
        "loose-envify": "^1.1.0",
        "object-assign": "^4.1.1"
      }
    },
    "swagger-ui-dist": {
      "version": "3.45.0",
      "resolved": "https://registry.npmjs.org/swagger-ui-dist/-/swagger-ui-dist-3.45.0.tgz",
      "integrity": "sha512-SUqZbt0WQytjaI/bUr2gn8IqFE+Te6Tl4uA7n4xtylRdXKXmMm5s/mfTtvpnleHBjxcmQ6ONTA9ilN4iOxMulQ==",
      "dev": true
    },
    "swagger-ui-express": {
      "version": "4.1.6",
      "resolved": "https://registry.npmjs.org/swagger-ui-express/-/swagger-ui-express-4.1.6.tgz",
      "integrity": "sha512-Xs2BGGudvDBtL7RXcYtNvHsFtP1DBFPMJFRxHe5ez/VG/rzVOEjazJOOSc/kSCyxreCTKfJrII6MJlL9a6t8vw==",
      "dev": true,
      "requires": {
        "swagger-ui-dist": "^3.18.1"
      }
    }
  }
}
